<?xml version="1.0" encoding="utf-8"?>
<Project ToolsVersion="4.0" xmlns="http://schemas.microsoft.com/developer/msbuild/2003">
  <ItemGroup>
    <Filter Include="소스 파일">
      <UniqueIdentifier>{4FC737F1-C7A5-4376-A066-2A32D752A2FF}</UniqueIdentifier>
      <Extensions>cpp;c;cc;cxx;c++;cppm;ixx;def;odl;idl;hpj;bat;asm;asmx</Extensions>
    </Filter>
    <Filter Include="헤더 파일">
      <UniqueIdentifier>{93995380-89BD-4b04-88EB-625FBE52EBFB}</UniqueIdentifier>
      <Extensions>h;hh;hpp;hxx;h++;hm;inl;inc;ipp;xsd</Extensions>
    </Filter>
    <Filter Include="리소스 파일">
      <UniqueIdentifier>{67DA6AB6-F800-4c08-8B7A-83BB121AAD01}</UniqueIdentifier>
      <Extensions>rc;ico;cur;bmp;dlg;rc2;rct;bin;rgs;gif;jpg;jpeg;jpe;resx;tiff;tif;png;wav;mfcribbon-ms</Extensions>
    </Filter>
  </ItemGroup>
  <ItemGroup>
    <ClCompile Include="client\animatedGIF.cpp">
      <Filter>소스 파일</Filter>
    </ClCompile>
    <ClCompile Include="client\enemy.cpp">
      <Filter>소스 파일</Filter>
    </ClCompile>
    <ClCompile Include="client\entity.cpp">
      <Filter>소스 파일</Filter>
    </ClCompile>
    <ClCompile Include="client\ingameText.cpp">
      <Filter>소스 파일</Filter>
    </ClCompile>
    <ClCompile Include="client\item.cpp">
      <Filter>소스 파일</Filter>
    </ClCompile>
    <ClCompile Include="client\main.cpp">
      <Filter>소스 파일</Filter>
    </ClCompile>
    <ClCompile Include="client\player.cpp">
      <Filter>소스 파일</Filter>
    </ClCompile>
    <ClCompile Include="client\projectile.cpp">
      <Filter>소스 파일</Filter>
    </ClCompile>
    <ClCompile Include="client\random.cpp">
      <Filter>소스 파일</Filter>
    </ClCompile>
    <ClCompile Include="client\wall.cpp">
      <Filter>소스 파일</Filter>
    </ClCompile>
  </ItemGroup>
  <ItemGroup>
    <Image Include="Resources\sniper.jpg">
      <Filter>리소스 파일</Filter>
    </Image>
    <Image Include="Resources\rpg_sprite_walk.png">
      <Filter>리소스 파일</Filter>
    </Image>
  </ItemGroup>
  <ItemGroup>
    <ClInclude Include="animatedGIF.h">
      <Filter>헤더 파일</Filter>
    </ClInclude>
    <ClInclude Include="client\random.h">
      <Filter>헤더 파일</Filter>
    </ClInclude>
    <ClInclude Include="client\stb_image.h">
      <Filter>헤더 파일</Filter>
    </ClInclude>
    <ClInclude Include="client\entity.h">
      <Filter>헤더 파일</Filter>
    </ClInclude>
    <ClInclude Include="client\player.h">
      <Filter>헤더 파일</Filter>
    </ClInclude>
    <ClInclude Include="client\enemy.h">
      <Filter>헤더 파일</Filter>
    </ClInclude>
    <ClInclude Include="client\item.h">
      <Filter>헤더 파일</Filter>
    </ClInclude>
    <ClInclude Include="client\projectile.h">
      <Filter>헤더 파일</Filter>
    </ClInclude>
    <ClInclude Include="client\wall.h">
      <Filter>헤더 파일</Filter>
    </ClInclude>
    <ClInclude Include="client\ingameText.h">
      <Filter>헤더 파일</Filter>
    </ClInclude>
    <ClInclude Include="client\client_interface.hpp">
      <Filter>헤더 파일</Filter>
    </ClInclude>
    <ClInclude Include="client\net.hpp">
      <Filter>헤더 파일</Filter>
    </ClInclude>
  </ItemGroup>
  <ItemGroup>
    <None Include="packages.config" />
  </ItemGroup>
</Project>